# This file is generated by running "yarn install" inside your project.
# Manual changes might be lost - proceed with caution!

__metadata:
  version: 4
  cacheKey: 7

"@types/node@npm:^16.0.0":
  version: 16.0.0
  resolution: "@types/node@npm:16.0.0"
  checksum: 0302e376d5272170478468f023a34dd8b4da998bee02bddfed9b0f1c80add77d02fe9c737fad8943ab2dc981601b71c5714b9f971560d5519c1c814cf2c8bc50
  languageName: node
  linkType: hard

"repro@workspace:.":
  version: 0.0.0-use.local
  resolution: "repro@workspace:."
  dependencies:
    "@types/node": ^16.0.0
  languageName: unknown
  linkType: soft
